<?xml version="1.0" encoding="UTF-8"?>
<Scheme
   version = "1.3">
   <BuildAction>
      <BuildActionEntries>
         <BuildActionEntry
            buildForRunning = "YES">
            <BuildableReference
               BuildableIdentifier = "primary"
               BlueprintIdentifier = "DDD4D9BD2194F30D00CC2990"
               BuildableName = "feed-ios-application.app"
               BlueprintName = "feed-ios-application"
               ReferencedContainer = "container:feed-ios-application.xcodeproj">
            </BuildableReference>
         </BuildActionEntry>
      </BuildActionEntries>
   </BuildAction>
   <LaunchAction
      useCustomWorkingDirectory = "NO"
      buildConfiguration = "Debug"
      allowLocationSimulation = "YES">
      <BuildableProductRunnable>
         <BuildableReference
            BuildableIdentifier = "primary"
            BlueprintIdentifier = "DDD4D9BD2194F30D00CC2990"
            BuildableName = "feed-ios-application.app"
            BlueprintName = "feed-ios-application"
            ReferencedContainer = "container:feed-ios-application.xcodeproj">
         </BuildableReference>
      </BuildableProductRunnable>
   </LaunchAction>
</Scheme>
